
Microsoft Visual Studio Solution File, Format Version 12.00
# Visual Studio 15
VisualStudioVersion = 15.0.28307.1525
MinimumVisualStudioVersion = 10.0.40219.1
Project("{FAE04EC0-301F-11D3-BF4B-00C04F79EFBC}") = "Lab4.RemoveLines", "Lab4.RemoveLines\Lab4.RemoveLines.csproj", "{5309D21D-2A14-4332-90EC-504AD89CE397}"
EndProject
Project("{9A19103F-16F7-4668-BE54-9A1E7A4F7556}") = "Lab4.RemoveComments", "Lab4.RemoveComments\Lab4.RemoveComments.csproj", "{4D9B08C9-5735-4C95-8D2A-BDFC888B1E68}"
EndProject
Project("{FAE04EC0-301F-11D3-BF4B-00C04F79EFBC}") = "Lab4.LetterFrequency", "Lab4.LetterFrequency\Lab4.LetterFrequency.csproj", "{F1797B5C-1541-4821-9485-7C3520C5DD8D}"
EndProject
Project("{FAE04EC0-301F-11D3-BF4B-00C04F79EFBC}") = "Lab4.FirstEqualLast", "Lab4.FirstEqualLast\Lab4.FirstEqualLast.csproj", "{83CB5DEC-25E5-42FF-8601-9BF8DA73E397}"
EndProject
Project("{FAE04EC0-301F-11D3-BF4B-00C04F79EFBC}") = "Lab4.AddSurname", "Lab4.AddSurname\Lab4.AddSurname.csproj", "{F7EFA186-AD5D-4E5D-B405-9ACBAEDB7BF3}"
EndProject
Project("{FAE04EC0-301F-11D3-BF4B-00C04F79EFBC}") = "Lab4.RemoveVowels", "Lab4.RemoveVowels\Lab4.RemoveVowels.csproj", "{5AD87F42-DD6D-4ADF-B1D5-66553BAA4BCC}"
EndProject
Global
	GlobalSection(SolutionConfigurationPlatforms) = preSolution
		Debug|Any CPU = Debug|Any CPU
		Release|Any CPU = Release|Any CPU
	EndGlobalSection
	GlobalSection(ProjectConfigurationPlatforms) = postSolution
		{1966BAA5-C5E8-4F18-A1CB-69A0B2FFD5CE}.Debug|Any CPU.ActiveCfg = Debug|Any CPU
		{1966BAA5-C5E8-4F18-A1CB-69A0B2FFD5CE}.Debug|Any CPU.Build.0 = Debug|Any CPU
		{1966BAA5-C5E8-4F18-A1CB-69A0B2FFD5CE}.Release|Any CPU.ActiveCfg = Release|Any CPU
		{1966BAA5-C5E8-4F18-A1CB-69A0B2FFD5CE}.Release|Any CPU.Build.0 = Release|Any CPU
		{5309D21D-2A14-4332-90EC-504AD89CE397}.Debug|Any CPU.ActiveCfg = Debug|Any CPU
		{5309D21D-2A14-4332-90EC-504AD89CE397}.Debug|Any CPU.Build.0 = Debug|Any CPU
		{5309D21D-2A14-4332-90EC-504AD89CE397}.Release|Any CPU.ActiveCfg = Release|Any CPU
		{5309D21D-2A14-4332-90EC-504AD89CE397}.Release|Any CPU.Build.0 = Release|Any CPU
		{4D9B08C9-5735-4C95-8D2A-BDFC888B1E68}.Debug|Any CPU.ActiveCfg = Debug|Any CPU
		{4D9B08C9-5735-4C95-8D2A-BDFC888B1E68}.Debug|Any CPU.Build.0 = Debug|Any CPU
		{4D9B08C9-5735-4C95-8D2A-BDFC888B1E68}.Release|Any CPU.ActiveCfg = Release|Any CPU
		{4D9B08C9-5735-4C95-8D2A-BDFC888B1E68}.Release|Any CPU.Build.0 = Release|Any CPU
		{F1797B5C-1541-4821-9485-7C3520C5DD8D}.Debug|Any CPU.ActiveCfg = Debug|Any CPU
		{F1797B5C-1541-4821-9485-7C3520C5DD8D}.Debug|Any CPU.Build.0 = Debug|Any CPU
		{F1797B5C-1541-4821-9485-7C3520C5DD8D}.Release|Any CPU.ActiveCfg = Release|Any CPU
		{F1797B5C-1541-4821-9485-7C3520C5DD8D}.Release|Any CPU.Build.0 = Release|Any CPU
		{83CB5DEC-25E5-42FF-8601-9BF8DA73E397}.Debug|Any CPU.ActiveCfg = Debug|Any CPU
		{83CB5DEC-25E5-42FF-8601-9BF8DA73E397}.Debug|Any CPU.Build.0 = Debug|Any CPU
		{83CB5DEC-25E5-42FF-8601-9BF8DA73E397}.Release|Any CPU.ActiveCfg = Release|Any CPU
		{83CB5DEC-25E5-42FF-8601-9BF8DA73E397}.Release|Any CPU.Build.0 = Release|Any CPU
		{F7EFA186-AD5D-4E5D-B405-9ACBAEDB7BF3}.Debug|Any CPU.ActiveCfg = Debug|Any CPU
		{F7EFA186-AD5D-4E5D-B405-9ACBAEDB7BF3}.Debug|Any CPU.Build.0 = Debug|Any CPU
		{F7EFA186-AD5D-4E5D-B405-9ACBAEDB7BF3}.Release|Any CPU.ActiveCfg = Release|Any CPU
		{F7EFA186-AD5D-4E5D-B405-9ACBAEDB7BF3}.Release|Any CPU.Build.0 = Release|Any CPU
		{5AD87F42-DD6D-4ADF-B1D5-66553BAA4BCC}.Debug|Any CPU.ActiveCfg = Debug|Any CPU
		{5AD87F42-DD6D-4ADF-B1D5-66553BAA4BCC}.Debug|Any CPU.Build.0 = Debug|Any CPU
		{5AD87F42-DD6D-4ADF-B1D5-66553BAA4BCC}.Release|Any CPU.ActiveCfg = Release|Any CPU
		{5AD87F42-DD6D-4ADF-B1D5-66553BAA4BCC}.Release|Any CPU.Build.0 = Release|Any CPU
	EndGlobalSection
	GlobalSection(SolutionProperties) = preSolution
		HideSolutionNode = FALSE
	EndGlobalSection
	GlobalSection(ExtensibilityGlobals) = postSolution
		SolutionGuid = {8BAFACEF-C8ED-4ADA-A33E-7A62B410E9B5}
	EndGlobalSection
EndGlobal
